[[package]]
name = "aspy.refactor-imports"
version = "2.1.1"
description = "Utilities for refactoring imports in python-like syntax."
category = "dev"
optional = false
python-versions = ">=3.6.1"

[package.dependencies]
cached-property = "*"

[[package]]
name = "black"
version = "21.12b0"
description = "The uncompromising code formatter."
category = "dev"
optional = false
python-versions = ">=3.6.2"

[package.dependencies]
click = ">=7.1.2"
mypy-extensions = ">=0.4.3"
pathspec = ">=0.9.0,<1"
platformdirs = ">=2"
tomli = ">=0.2.6,<2.0.0"
typing-extensions = [
    {version = ">=3.10.0.0", markers = "python_version < \"3.10\""},
    {version = ">=3.10.0.0,<3.10.0.1 || >3.10.0.1", markers = "python_version >= \"3.10\""},
]

[package.extras]
colorama = ["colorama (>=0.4.3)"]
d = ["aiohttp (>=3.7.4)"]
jupyter = ["ipython (>=7.8.0)", "tokenize-rt (>=3.2.0)"]
python2 = ["typed-ast (>=1.4.3)"]
uvloop = ["uvloop (>=0.15.2)"]

[[package]]
name = "cached-property"
version = "1.5.2"
description = "A decorator for caching properties in classes."
category = "dev"
optional = false
python-versions = "*"

[[package]]
name = "click"
version = "7.1.2"
description = "Composable command line interface toolkit"
category = "dev"
optional = false
python-versions = ">=2.7, !=3.0.*, !=3.1.*, !=3.2.*, !=3.3.*, !=3.4.*"

[[package]]
name = "flake8"
version = "4.0.1"
description = "the modular source code checker: pep8 pyflakes and co"
category = "dev"
optional = false
python-versions = ">=3.6"

[package.dependencies]
mccabe = ">=0.6.0,<0.7.0"
pycodestyle = ">=2.8.0,<2.9.0"
pyflakes = ">=2.4.0,<2.5.0"

[[package]]
name = "grpcio"
version = "1.51.1"
description = "HTTP/2-based RPC framework"
category = "main"
optional = false
python-versions = ">=3.7"

[package.extras]
protobuf = ["grpcio-tools (>=1.51.1)"]

[[package]]
name = "mccabe"
version = "0.6.1"
description = "McCabe checker, plugin for flake8"
category = "dev"
optional = false
python-versions = "*"

[[package]]
name = "mypy-extensions"
version = "0.4.3"
description = "Experimental type system extensions for programs checked with the mypy typechecker."
category = "dev"
optional = false
python-versions = "*"

[[package]]
name = "pathspec"
version = "0.9.0"
description = "Utility library for gitignore style pattern matching of file paths."
category = "dev"
optional = false
python-versions = "!=3.0.*,!=3.1.*,!=3.2.*,!=3.3.*,!=3.4.*,>=2.7"

[[package]]
name = "platformdirs"
version = "2.2.0"
description = "A small Python module for determining appropriate platform-specific dirs, e.g. a \"user data dir\"."
category = "dev"
optional = false
python-versions = ">=3.6"

[package.extras]
docs = ["Sphinx (>=4)", "furo (>=2021.7.5b38)", "proselint (>=0.10.2)", "sphinx-autodoc-typehints (>=1.12)"]
test = ["appdirs (==1.4.4)", "pytest (>=6)", "pytest-cov (>=2.7)", "pytest-mock (>=3.6)"]

[[package]]
name = "pre-commit-hooks"
version = "4.1.0"
description = "Some out-of-the-box hooks for pre-commit."
category = "dev"
optional = false
python-versions = ">=3.6.1"

[package.dependencies]
"ruamel.yaml" = ">=0.15"
toml = "*"

[[package]]
name = "protobuf"
version = "3.19.3"
description = "Protocol Buffers"
category = "main"
optional = false
python-versions = ">=3.5"

[[package]]
name = "pycodestyle"
version = "2.8.0"
description = "Python style guide checker"
category = "dev"
optional = false
python-versions = ">=2.7, !=3.0.*, !=3.1.*, !=3.2.*, !=3.3.*, !=3.4.*"

[[package]]
name = "pyflakes"
version = "2.4.0"
description = "passive checker of Python programs"
category = "dev"
optional = false
python-versions = ">=2.7, !=3.0.*, !=3.1.*, !=3.2.*, !=3.3.*"

[[package]]
name = "reorder-python-imports"
version = "2.7.0"
description = "Tool for reordering python imports"
category = "dev"
optional = false
python-versions = ">=3.7"

[package.dependencies]
"aspy.refactor-imports" = ">=2.1.0"

[[package]]
name = "ruamel.yaml"
version = "0.16.12"
description = "ruamel.yaml is a YAML parser/emitter that supports roundtrip preservation of comments, seq/map flow style, and map key order"
category = "dev"
optional = false
python-versions = "*"

[package.extras]
docs = ["ryd"]
jinja2 = ["ruamel.yaml.jinja2 (>=0.2)"]

[[package]]
name = "toml"
version = "0.10.2"
description = "Python Library for Tom's Obvious, Minimal Language"
category = "dev"
optional = false
python-versions = ">=2.6, !=3.0.*, !=3.1.*, !=3.2.*"

[[package]]
name = "tomli"
version = "1.0.4"
description = "A lil' TOML parser"
category = "dev"
optional = false
python-versions = ">=3.6"

[[package]]
name = "typing-extensions"
version = "3.10.0.2"
description = "Backported and Experimental Type Hints for Python 3.5+"
category = "dev"
optional = false
python-versions = "*"

[metadata]
lock-version = "1.1"
python-versions = "~3.11"
content-hash = "8377f306c6640dd9e84f4b082930aed140a2d1db8c6f63cf6d9cdbd7138e2bed"

[metadata.files]
"aspy.refactor-imports" = [
    {file = "aspy.refactor_imports-2.1.1-py2.py3-none-any.whl", hash = "sha256:9df76bf19ef81620068b785a386740ab3c8939fcbdcebf20c4a4e0057230d782"},
    {file = "aspy.refactor_imports-2.1.1.tar.gz", hash = "sha256:eec8d1a73bedf64ffb8b589ad919a030c1fb14acf7d1ce0ab192f6eedae895c5"},
]
black = [
    {file = "black-21.12b0-py3-none-any.whl", hash = "sha256:a615e69ae185e08fdd73e4715e260e2479c861b5740057fde6e8b4e3b7dd589f"},
    {file = "black-21.12b0.tar.gz", hash = "sha256:77b80f693a569e2e527958459634f18df9b0ba2625ba4e0c2d5da5be42e6f2b3"},
]
cached-property = [
    {file = "cached-property-1.5.2.tar.gz", hash = "sha256:9fa5755838eecbb2d234c3aa390bd80fbd3ac6b6869109bfc1b499f7bd89a130"},
    {file = "cached_property-1.5.2-py2.py3-none-any.whl", hash = "sha256:df4f613cf7ad9a588cc381aaf4a512d26265ecebd5eb9e1ba12f1319eb85a6a0"},
]
click = [
    {file = "click-7.1.2-py2.py3-none-any.whl", hash = "sha256:dacca89f4bfadd5de3d7489b7c8a566eee0d3676333fbb50030263894c38c0dc"},
    {file = "click-7.1.2.tar.gz", hash = "sha256:d2b5255c7c6349bc1bd1e59e08cd12acbbd63ce649f2588755783aa94dfb6b1a"},
]
flake8 = [
    {file = "flake8-4.0.1-py2.py3-none-any.whl", hash = "sha256:479b1304f72536a55948cb40a32dce8bb0ffe3501e26eaf292c7e60eb5e0428d"},
    {file = "flake8-4.0.1.tar.gz", hash = "sha256:806e034dda44114815e23c16ef92f95c91e4c71100ff52813adf7132a6ad870d"},
]
grpcio = [
    {file = "grpcio-1.51.1-cp310-cp310-linux_armv7l.whl", hash = "sha256:cc2bece1737b44d878cc1510ea04469a8073dbbcdd762175168937ae4742dfb3"},
    {file = "grpcio-1.51.1-cp310-cp310-macosx_12_0_x86_64.whl", hash = "sha256:e223a9793522680beae44671b9ed8f6d25bbe5ddf8887e66aebad5e0686049ef"},
    {file = "grpcio-1.51.1-cp310-cp310-manylinux_2_17_aarch64.whl", hash = "sha256:24ac1154c4b2ab4a0c5326a76161547e70664cd2c39ba75f00fc8a2170964ea2"},
    {file = "grpcio-1.51.1-cp310-cp310-manylinux_2_17_i686.manylinux2014_i686.whl", hash = "sha256:e4ef09f8997c4be5f3504cefa6b5c6cc3cf648274ce3cede84d4342a35d76db6"},
    {file = "grpcio-1.51.1-cp310-cp310-manylinux_2_17_x86_64.manylinux2014_x86_64.whl", hash = "sha256:a8a0b77e992c64880e6efbe0086fe54dfc0bbd56f72a92d9e48264dcd2a3db98"},
    {file = "grpcio-1.51.1-cp310-cp310-musllinux_1_1_i686.whl", hash = "sha256:eacad297ea60c72dd280d3353d93fb1dcca952ec11de6bb3c49d12a572ba31dd"},
    {file = "grpcio-1.51.1-cp310-cp310-musllinux_1_1_x86_64.whl", hash = "sha256:16c71740640ba3a882f50b01bf58154681d44b51f09a5728180a8fdc66c67bd5"},
    {file = "grpcio-1.51.1-cp310-cp310-win32.whl", hash = "sha256:29cb97d41a4ead83b7bcad23bdb25bdd170b1e2cba16db6d3acbb090bc2de43c"},
    {file = "grpcio-1.51.1-cp310-cp310-win_amd64.whl", hash = "sha256:9ff42c5620b4e4530609e11afefa4a62ca91fa0abb045a8957e509ef84e54d30"},
    {file = "grpcio-1.51.1-cp311-cp311-linux_armv7l.whl", hash = "sha256:bc59f7ba87972ab236f8669d8ca7400f02a0eadf273ca00e02af64d588046f02"},
    {file = "grpcio-1.51.1-cp311-cp311-macosx_10_10_x86_64.whl", hash = "sha256:3c2b3842dcf870912da31a503454a33a697392f60c5e2697c91d133130c2c85d"},
    {file = "grpcio-1.51.1-cp311-cp311-manylinux_2_17_i686.manylinux2014_i686.whl", hash = "sha256:22b011674090594f1f3245960ced7386f6af35485a38901f8afee8ad01541dbd"},
    {file = "grpcio-1.51.1-cp311-cp311-manylinux_2_17_x86_64.manylinux2014_x86_64.whl", hash = "sha256:49d680356a975d9c66a678eb2dde192d5dc427a7994fb977363634e781614f7c"},
    {file = "grpcio-1.51.1-cp311-cp311-musllinux_1_1_i686.whl", hash = "sha256:094e64236253590d9d4075665c77b329d707b6fca864dd62b144255e199b4f87"},
    {file = "grpcio-1.51.1-cp311-cp311-musllinux_1_1_x86_64.whl", hash = "sha256:257478300735ce3c98d65a930bbda3db172bd4e00968ba743e6a1154ea6edf10"},
    {file = "grpcio-1.51.1-cp311-cp311-win32.whl", hash = "sha256:5a6ebcdef0ef12005d56d38be30f5156d1cb3373b52e96f147f4a24b0ddb3a9d"},
    {file = "grpcio-1.51.1-cp311-cp311-win_amd64.whl", hash = "sha256:3f9b0023c2c92bebd1be72cdfca23004ea748be1813a66d684d49d67d836adde"},
    {file = "grpcio-1.51.1-cp37-cp37m-linux_armv7l.whl", hash = "sha256:cd3baccea2bc5c38aeb14e5b00167bd4e2373a373a5e4d8d850bd193edad150c"},
    {file = "grpcio-1.51.1-cp37-cp37m-macosx_10_10_x86_64.whl", hash = "sha256:17ec9b13cec4a286b9e606b48191e560ca2f3bbdf3986f91e480a95d1582e1a7"},
    {file = "grpcio-1.51.1-cp37-cp37m-manylinux_2_17_aarch64.whl", hash = "sha256:fbdbe9a849854fe484c00823f45b7baab159bdd4a46075302281998cb8719df5"},
    {file = "grpcio-1.51.1-cp37-cp37m-manylinux_2_17_i686.manylinux2014_i686.whl", hash = "sha256:31bb6bc7ff145e2771c9baf612f4b9ebbc9605ccdc5f3ff3d5553de7fc0e0d79"},
    {file = "grpcio-1.51.1-cp37-cp37m-manylinux_2_17_x86_64.manylinux2014_x86_64.whl", hash = "sha256:e473525c28251558337b5c1ad3fa969511e42304524a4e404065e165b084c9e4"},
    {file = "grpcio-1.51.1-cp37-cp37m-musllinux_1_1_i686.whl", hash = "sha256:6f0b89967ee11f2b654c23b27086d88ad7bf08c0b3c2a280362f28c3698b2896"},
    {file = "grpcio-1.51.1-cp37-cp37m-musllinux_1_1_x86_64.whl", hash = "sha256:7942b32a291421460d6a07883033e392167d30724aa84987e6956cd15f1a21b9"},
    {file = "grpcio-1.51.1-cp37-cp37m-win32.whl", hash = "sha256:f96ace1540223f26fbe7c4ebbf8a98e3929a6aa0290c8033d12526847b291c0f"},
    {file = "grpcio-1.51.1-cp37-cp37m-win_amd64.whl", hash = "sha256:f1fec3abaf274cdb85bf3878167cfde5ad4a4d97c68421afda95174de85ba813"},
    {file = "grpcio-1.51.1-cp38-cp38-linux_armv7l.whl", hash = "sha256:0e1a9e1b4a23808f1132aa35f968cd8e659f60af3ffd6fb00bcf9a65e7db279f"},
    {file = "grpcio-1.51.1-cp38-cp38-macosx_10_10_x86_64.whl", hash = "sha256:6df3b63538c362312bc5fa95fb965069c65c3ea91d7ce78ad9c47cab57226f54"},
    {file = "grpcio-1.51.1-cp38-cp38-manylinux_2_17_aarch64.whl", hash = "sha256:172405ca6bdfedd6054c74c62085946e45ad4d9cec9f3c42b4c9a02546c4c7e9"},
    {file = "grpcio-1.51.1-cp38-cp38-manylinux_2_17_i686.manylinux2014_i686.whl", hash = "sha256:506b9b7a4cede87d7219bfb31014d7b471cfc77157da9e820a737ec1ea4b0663"},
    {file = "grpcio-1.51.1-cp38-cp38-manylinux_2_17_x86_64.manylinux2014_x86_64.whl", hash = "sha256:0fb93051331acbb75b49a2a0fd9239c6ba9528f6bdc1dd400ad1cb66cf864292"},
    {file = "grpcio-1.51.1-cp38-cp38-musllinux_1_1_i686.whl", hash = "sha256:5dca372268c6ab6372d37d6b9f9343e7e5b4bc09779f819f9470cd88b2ece3c3"},
    {file = "grpcio-1.51.1-cp38-cp38-musllinux_1_1_x86_64.whl", hash = "sha256:471d39d3370ca923a316d49c8aac66356cea708a11e647e3bdc3d0b5de4f0a40"},
    {file = "grpcio-1.51.1-cp38-cp38-win32.whl", hash = "sha256:75e29a90dc319f0ad4d87ba6d20083615a00d8276b51512e04ad7452b5c23b04"},
    {file = "grpcio-1.51.1-cp38-cp38-win_amd64.whl", hash = "sha256:f1158bccbb919da42544a4d3af5d9296a3358539ffa01018307337365a9a0c64"},
    {file = "grpcio-1.51.1-cp39-cp39-linux_armv7l.whl", hash = "sha256:59dffade859f157bcc55243714d57b286da6ae16469bf1ac0614d281b5f49b67"},
    {file = "grpcio-1.51.1-cp39-cp39-macosx_10_10_x86_64.whl", hash = "sha256:dad6533411d033b77f5369eafe87af8583178efd4039c41d7515d3336c53b4f1"},
    {file = "grpcio-1.51.1-cp39-cp39-manylinux_2_17_aarch64.whl", hash = "sha256:4c4423ea38a7825b8fed8934d6d9aeebdf646c97e3c608c3b0bcf23616f33877"},
    {file = "grpcio-1.51.1-cp39-cp39-manylinux_2_17_i686.manylinux2014_i686.whl", hash = "sha256:0dc5354e38e5adf2498312f7241b14c7ce3484eefa0082db4297189dcbe272e6"},
    {file = "grpcio-1.51.1-cp39-cp39-manylinux_2_17_x86_64.manylinux2014_x86_64.whl", hash = "sha256:97d67983189e2e45550eac194d6234fc38b8c3b5396c153821f2d906ed46e0ce"},
    {file = "grpcio-1.51.1-cp39-cp39-musllinux_1_1_i686.whl", hash = "sha256:538d981818e49b6ed1e9c8d5e5adf29f71c4e334e7d459bf47e9b7abb3c30e09"},
    {file = "grpcio-1.51.1-cp39-cp39-musllinux_1_1_x86_64.whl", hash = "sha256:9235dcd5144a83f9ca6f431bd0eccc46b90e2c22fe27b7f7d77cabb2fb515595"},
    {file = "grpcio-1.51.1-cp39-cp39-win32.whl", hash = "sha256:aacb54f7789ede5cbf1d007637f792d3e87f1c9841f57dd51abf89337d1b8472"},
    {file = "grpcio-1.51.1-cp39-cp39-win_amd64.whl", hash = "sha256:2b170eaf51518275c9b6b22ccb59450537c5a8555326fd96ff7391b5dd75303c"},
    {file = "grpcio-1.51.1.tar.gz", hash = "sha256:e6dfc2b6567b1c261739b43d9c59d201c1b89e017afd9e684d85aa7a186c9f7a"},
]
mccabe = [
    {file = "mccabe-0.6.1-py2.py3-none-any.whl", hash = "sha256:ab8a6258860da4b6677da4bd2fe5dc2c659cff31b3ee4f7f5d64e79735b80d42"},
    {file = "mccabe-0.6.1.tar.gz", hash = "sha256:dd8d182285a0fe56bace7f45b5e7d1a6ebcbf524e8f3bd87eb0f125271b8831f"},
]
mypy-extensions = [
    {file = "mypy_extensions-0.4.3-py2.py3-none-any.whl", hash = "sha256:090fedd75945a69ae91ce1303b5824f428daf5a028d2f6ab8a299250a846f15d"},
    {file = "mypy_extensions-0.4.3.tar.gz", hash = "sha256:2d82818f5bb3e369420cb3c4060a7970edba416647068eb4c5343488a6c604a8"},
]
pathspec = [
    {file = "pathspec-0.9.0-py2.py3-none-any.whl", hash = "sha256:7d15c4ddb0b5c802d161efc417ec1a2558ea2653c2e8ad9c19098201dc1c993a"},
    {file = "pathspec-0.9.0.tar.gz", hash = "sha256:e564499435a2673d586f6b2130bb5b95f04a3ba06f81b8f895b651a3c76aabb1"},
]
platformdirs = [
    {file = "platformdirs-2.2.0-py3-none-any.whl", hash = "sha256:4666d822218db6a262bdfdc9c39d21f23b4cfdb08af331a81e92751daf6c866c"},
    {file = "platformdirs-2.2.0.tar.gz", hash = "sha256:632daad3ab546bd8e6af0537d09805cec458dce201bccfe23012df73332e181e"},
]
pre-commit-hooks = [
    {file = "pre_commit_hooks-4.1.0-py2.py3-none-any.whl", hash = "sha256:ba95316b79038e56ce998cdacb1ce922831ac0e41744c77bcc2b9677bf183206"},
    {file = "pre_commit_hooks-4.1.0.tar.gz", hash = "sha256:b6361865d1877c5da5ac3a944aab19ce6bd749a534d2ede28e683d07194a57e1"},
]
protobuf = [
    {file = "protobuf-3.19.3-cp310-cp310-macosx_10_9_universal2.whl", hash = "sha256:1cb2ed66aac593adbf6dca4f07cd7ee7e2958b17bbc85b2cc8bc564ebeb258ec"},
    {file = "protobuf-3.19.3-cp310-cp310-manylinux2014_aarch64.whl", hash = "sha256:898bda9cd37ec0c781b598891e86435de80c3bfa53eb483a9dac5a11ec93e942"},
    {file = "protobuf-3.19.3-cp310-cp310-manylinux_2_17_x86_64.manylinux2014_x86_64.whl", hash = "sha256:8ad761ef3be34c8bdc7285bec4b40372a8dad9e70cfbdc1793cd3cf4c1a4ce74"},
    {file = "protobuf-3.19.3-cp310-cp310-win32.whl", hash = "sha256:2cddcbcc222f3144765ccccdb35d3621dc1544da57a9aca7e1944c1a4fe3db11"},
    {file = "protobuf-3.19.3-cp310-cp310-win_amd64.whl", hash = "sha256:6202df8ee8457cb00810c6e76ced480f22a1e4e02c899a14e7b6e6e1de09f938"},
    {file = "protobuf-3.19.3-cp36-cp36m-macosx_10_9_x86_64.whl", hash = "sha256:397d82f1c58b76445469c8c06b8dee1ff67b3053639d054f52599a458fac9bc6"},
    {file = "protobuf-3.19.3-cp36-cp36m-manylinux_2_17_x86_64.manylinux2014_x86_64.whl", hash = "sha256:e54b8650e849ee8e95e481024bff92cf98f5ec61c7650cb838d928a140adcb63"},
    {file = "protobuf-3.19.3-cp36-cp36m-win32.whl", hash = "sha256:3bf3a07d17ba3511fe5fa916afb7351f482ab5dbab5afe71a7a384274a2cd550"},
    {file = "protobuf-3.19.3-cp36-cp36m-win_amd64.whl", hash = "sha256:afa8122de8064fd577f49ae9eef433561c8ace97a0a7b969d56e8b1d39b5d177"},
    {file = "protobuf-3.19.3-cp37-cp37m-macosx_10_9_x86_64.whl", hash = "sha256:18c40a1b8721026a85187640f1786d52407dc9c1ba8ec38accb57a46e84015f6"},
    {file = "protobuf-3.19.3-cp37-cp37m-manylinux2014_aarch64.whl", hash = "sha256:af7238849fa79285d448a24db686517570099739527a03c9c2971cce99cc5ae2"},
    {file = "protobuf-3.19.3-cp37-cp37m-manylinux_2_17_x86_64.manylinux2014_x86_64.whl", hash = "sha256:e765e6dfbbb02c55e4d6d1145743401a84fc0b508f5a81b2c5a738cf86353139"},
    {file = "protobuf-3.19.3-cp37-cp37m-win32.whl", hash = "sha256:c781402ed5396ab56358d7b866d78c03a77cbc26ba0598d8bb0ac32084b1a257"},
    {file = "protobuf-3.19.3-cp37-cp37m-win_amd64.whl", hash = "sha256:544fe9705189b249380fae07952d220c97f5c6c9372a6f936cc83a79601dcb70"},
    {file = "protobuf-3.19.3-cp38-cp38-macosx_10_9_x86_64.whl", hash = "sha256:84bf3aa3efb00dbe1c7ed55da0f20800b0662541e582d7e62b3e1464d61ed365"},
    {file = "protobuf-3.19.3-cp38-cp38-manylinux2014_aarch64.whl", hash = "sha256:3f80a3491eaca767cdd86cb8660dc778f634b44abdb0dffc9b2a8e8d0cd617d0"},
    {file = "protobuf-3.19.3-cp38-cp38-manylinux_2_17_x86_64.manylinux2014_x86_64.whl", hash = "sha256:a9401d96552befcc7311f5ef8f0fa7dba0ef5fd805466b158b141606cd0ab6a8"},
    {file = "protobuf-3.19.3-cp38-cp38-win32.whl", hash = "sha256:ef02d112c025e83db5d1188a847e358beab3e4bbfbbaf10eaf69e67359af51b2"},
    {file = "protobuf-3.19.3-cp38-cp38-win_amd64.whl", hash = "sha256:1291a0a7db7d792745c99d4657b4c5c4942695c8b1ac1bfb993a34035ec123f7"},
    {file = "protobuf-3.19.3-cp39-cp39-macosx_10_9_x86_64.whl", hash = "sha256:49677e5e9c7ea1245a90c2e8a00d304598f22ea3aa0628f0e0a530a9e70665fa"},
    {file = "protobuf-3.19.3-cp39-cp39-manylinux2014_aarch64.whl", hash = "sha256:df2ba379ee42427e8fcc6a0a76843bff6efb34ef5266b17f95043939b5e25b69"},
    {file = "protobuf-3.19.3-cp39-cp39-manylinux_2_17_x86_64.manylinux2014_x86_64.whl", hash = "sha256:2acd7ca329be544d1a603d5f13a4e34a3791c90d651ebaf130ba2e43ae5397c6"},
    {file = "protobuf-3.19.3-cp39-cp39-win32.whl", hash = "sha256:b53519b2ebec70cfe24b4ddda21e9843f0918d7c3627a785393fb35d402ab8ad"},
    {file = "protobuf-3.19.3-cp39-cp39-win_amd64.whl", hash = "sha256:8ceaf5fdb72c8e1fcb7be9f2b3b07482ce058a3548180c0bdd5c7e4ac5e14165"},
    {file = "protobuf-3.19.3-py2.py3-none-any.whl", hash = "sha256:f6d4b5b7595a57e69eb7314c67bef4a3c745b4caf91accaf72913d8e0635111b"},
    {file = "protobuf-3.19.3.tar.gz", hash = "sha256:d975a6314fbf5c524d4981e24294739216b5fb81ef3c14b86fb4b045d6690907"},
]
pycodestyle = [
    {file = "pycodestyle-2.8.0-py2.py3-none-any.whl", hash = "sha256:720f8b39dde8b293825e7ff02c475f3077124006db4f440dcbc9a20b76548a20"},
    {file = "pycodestyle-2.8.0.tar.gz", hash = "sha256:eddd5847ef438ea1c7870ca7eb78a9d47ce0cdb4851a5523949f2601d0cbbe7f"},
]
pyflakes = [
    {file = "pyflakes-2.4.0-py2.py3-none-any.whl", hash = "sha256:3bb3a3f256f4b7968c9c788781e4ff07dce46bdf12339dcda61053375426ee2e"},
    {file = "pyflakes-2.4.0.tar.gz", hash = "sha256:05a85c2872edf37a4ed30b0cce2f6093e1d0581f8c19d7393122da7e25b2b24c"},
]
reorder-python-imports = [
    {file = "reorder_python_imports-2.7.0-py2.py3-none-any.whl", hash = "sha256:76ac259aa8ada10808a63c6816087c84aec6334c2049a5049e80b74cac575f43"},
    {file = "reorder_python_imports-2.7.0.tar.gz", hash = "sha256:8f6e8ea23905058f964d12a03b7dfb1227d11a877c2d1db0535039a10b568cbb"},
]
"ruamel.yaml" = [
    {file = "ruamel.yaml-0.16.12-py2.py3-none-any.whl", hash = "sha256:012b9470a0ea06e4e44e99e7920277edf6b46eee0232a04487ea73a7386340a5"},
    {file = "ruamel.yaml-0.16.12.tar.gz", hash = "sha256:076cc0bc34f1966d920a49f18b52b6ad559fbe656a0748e3535cf7b3f29ebf9e"},
]
toml = [
    {file = "toml-0.10.2-py2.py3-none-any.whl", hash = "sha256:806143ae5bfb6a3c6e736a764057db0e6a0e05e338b5630894a5f779cabb4f9b"},
    {file = "toml-0.10.2.tar.gz", hash = "sha256:b3bda1d108d5dd99f4a20d24d9c348e91c4db7ab1b749200bded2f839ccbe68f"},
]
tomli = [
    {file = "tomli-1.0.4-py3-none-any.whl", hash = "sha256:0713b16ff91df8638a6a694e295c8159ab35ba93e3424a626dd5226d386057be"},
    {file = "tomli-1.0.4.tar.gz", hash = "sha256:be670d0d8d7570fd0ea0113bd7bb1ba3ac6706b4de062cc4c952769355c9c268"},
]
typing-extensions = [
    {file = "typing_extensions-3.10.0.2-py2-none-any.whl", hash = "sha256:d8226d10bc02a29bcc81df19a26e56a9647f8b0a6d4a83924139f4a8b01f17b7"},
    {file = "typing_extensions-3.10.0.2-py3-none-any.whl", hash = "sha256:f1d25edafde516b146ecd0613dabcc61409817af4766fbbcfb8d1ad4ec441a34"},
    {file = "typing_extensions-3.10.0.2.tar.gz", hash = "sha256:49f75d16ff11f1cd258e1b988ccff82a3ca5570217d7ad8c5f48205dd99a677e"},
]
